
Microsoft Visual Studio Solution File, Format Version 12.00
# Visual Studio Version 17
VisualStudioVersion = 17.14.36310.24 d17.14
MinimumVisualStudioVersion = 10.0.40219.1
Project("{FAE04EC0-301F-11D3-BF4B-00C04F79EFBC}") = "DapperTraining", "DapperTraining\DapperTraining.csproj", "{3841A094-82C0-4FB6-9A39-1EBCF86773BD}"
EndProject
Global
	GlobalSection(SolutionConfigurationPlatforms) = preSolution
		Debug|Any CPU = Debug|Any CPU
		Release|Any CPU = Release|Any CPU
	EndGlobalSection
	GlobalSection(ProjectConfigurationPlatforms) = postSolution
		{3841A094-82C0-4FB6-9A39-1EBCF86773BD}.Debug|Any CPU.ActiveCfg = Debug|Any CPU
		{3841A094-82C0-4FB6-9A39-1EBCF86773BD}.Debug|Any CPU.Build.0 = Debug|Any CPU
		{3841A094-82C0-4FB6-9A39-1EBCF86773BD}.Release|Any CPU.ActiveCfg = Release|Any CPU
		{3841A094-82C0-4FB6-9A39-1EBCF86773BD}.Release|Any CPU.Build.0 = Release|Any CPU
	EndGlobalSection
	GlobalSection(SolutionProperties) = preSolution
		HideSolutionNode = FALSE
	EndGlobalSection
	GlobalSection(ExtensibilityGlobals) = postSolution
		SolutionGuid = {F83FD189-D27E-4FD1-A78B-C6E345A6D8BC}
	EndGlobalSection
EndGlobal
